
Microsoft Visual Studio Solution File, Format Version 12.00
# Visual Studio Version 16
VisualStudioVersion = 16.0.31112.23
MinimumVisualStudioVersion = 10.0.40219.1
Project("{FAE04EC0-301F-11D3-BF4B-00C04F79EFBC}") = "10_Joystick", "10_Joystick.csproj", "{1074078F-8A64-4123-924C-CCC7EAC48B3B}"
EndProject
Global
	GlobalSection(SolutionConfigurationPlatforms) = preSolution
		Debug|Any CPU = Debug|Any CPU
		Release|Any CPU = Release|Any CPU
	EndGlobalSection
	GlobalSection(ProjectConfigurationPlatforms) = postSolution
		{1074078F-8A64-4123-924C-CCC7EAC48B3B}.Debug|Any CPU.ActiveCfg = Debug|Any CPU
		{1074078F-8A64-4123-924C-CCC7EAC48B3B}.Debug|Any CPU.Build.0 = Debug|Any CPU
		{1074078F-8A64-4123-924C-CCC7EAC48B3B}.Release|Any CPU.ActiveCfg = Release|Any CPU
		{1074078F-8A64-4123-924C-CCC7EAC48B3B}.Release|Any CPU.Build.0 = Release|Any CPU
	EndGlobalSection
	GlobalSection(SolutionProperties) = preSolution
		HideSolutionNode = FALSE
	EndGlobalSection
	GlobalSection(ExtensibilityGlobals) = postSolution
		SolutionGuid = {EDC4DA5A-6EBE-40D6-857C-5E1FE8D2BE16}
	EndGlobalSection
EndGlobal
